
Microsoft Visual Studio Solution File, Format Version 11.00
# Visual Studio 2010
Project("{FAE04EC0-301F-11D3-BF4B-00C04F79EFBC}") = "unity_project_flappy_like", "Assembly-CSharp.csproj", "{98F62BAC-50B3-8313-6692-963482701856}"
EndProject
Global
	GlobalSection(SolutionConfigurationPlatforms) = preSolution
		Debug|Any CPU = Debug|Any CPU
		Release|Any CPU = Release|Any CPU
	EndGlobalSection
	GlobalSection(ProjectConfigurationPlatforms) = postSolution
		{98F62BAC-50B3-8313-6692-963482701856}.Debug|Any CPU.ActiveCfg = Debug|Any CPU
		{98F62BAC-50B3-8313-6692-963482701856}.Debug|Any CPU.Build.0 = Debug|Any CPU
		{98F62BAC-50B3-8313-6692-963482701856}.Release|Any CPU.ActiveCfg = Release|Any CPU
		{98F62BAC-50B3-8313-6692-963482701856}.Release|Any CPU.Build.0 = Release|Any CPU
	EndGlobalSection
	GlobalSection(SolutionProperties) = preSolution
		HideSolutionNode = FALSE
	EndGlobalSection
	GlobalSection(MonoDevelopProperties) = preSolution
		StartupItem = Assembly-CSharp.csproj
	EndGlobalSection
EndGlobal
